
Microsoft Visual Studio Solution File, Format Version 12.00
Project("{FAE04EC0-301F-11D3-BF4B-00C04F79EFBC}") = "NumbersInWords", "NumbersInWords\NumbersInWords.csproj", "{302C33B2-5B40-4906-8488-C88EBB792E4F}"
EndProject
Project("{FAE04EC0-301F-11D3-BF4B-00C04F79EFBC}") = "NumbersInWordsTests", "NumbersInWordsTests\NumbersInWordsTests.csproj", "{7D28C50D-FCD6-4D2B-94C0-2B24D39C6ACB}"
EndProject
Global
	GlobalSection(SolutionConfigurationPlatforms) = preSolution
		Debug|Any CPU = Debug|Any CPU
		Release|Any CPU = Release|Any CPU
	EndGlobalSection
	GlobalSection(ProjectConfigurationPlatforms) = postSolution
		{302C33B2-5B40-4906-8488-C88EBB792E4F}.Debug|Any CPU.ActiveCfg = Debug|Any CPU
		{302C33B2-5B40-4906-8488-C88EBB792E4F}.Debug|Any CPU.Build.0 = Debug|Any CPU
		{302C33B2-5B40-4906-8488-C88EBB792E4F}.Release|Any CPU.ActiveCfg = Release|Any CPU
		{302C33B2-5B40-4906-8488-C88EBB792E4F}.Release|Any CPU.Build.0 = Release|Any CPU
		{7D28C50D-FCD6-4D2B-94C0-2B24D39C6ACB}.Debug|Any CPU.ActiveCfg = Debug|Any CPU
		{7D28C50D-FCD6-4D2B-94C0-2B24D39C6ACB}.Debug|Any CPU.Build.0 = Debug|Any CPU
		{7D28C50D-FCD6-4D2B-94C0-2B24D39C6ACB}.Release|Any CPU.ActiveCfg = Release|Any CPU
		{7D28C50D-FCD6-4D2B-94C0-2B24D39C6ACB}.Release|Any CPU.Build.0 = Release|Any CPU
	EndGlobalSection
EndGlobal
